Microsoft Visual Studio Solution File, Format Version 12.00
# Visual Studio Version 17
VisualStudioVersion = 17.5.2.0
MinimumVisualStudioVersion = 10.0.40219.1
Project("{FAE04EC0-301F-11D3-BF4B-00C04F79EFBC}") = "TerminalSuporte.ConsoleApp", "TerminalSuporte.ConsoleApp.csproj", "{51FDA2DC-1304-AB3C-87D9-FDBC61B47754}"
EndProject
Global
	GlobalSection(SolutionConfigurationPlatforms) = preSolution
		Debug|Any CPU = Debug|Any CPU
		Release|Any CPU = Release|Any CPU
	EndGlobalSection
	GlobalSection(ProjectConfigurationPlatforms) = postSolution
		{51FDA2DC-1304-AB3C-87D9-FDBC61B47754}.Debug|Any CPU.ActiveCfg = Debug|Any CPU
		{51FDA2DC-1304-AB3C-87D9-FDBC61B47754}.Debug|Any CPU.Build.0 = Debug|Any CPU
		{51FDA2DC-1304-AB3C-87D9-FDBC61B47754}.Release|Any CPU.ActiveCfg = Release|Any CPU
		{51FDA2DC-1304-AB3C-87D9-FDBC61B47754}.Release|Any CPU.Build.0 = Release|Any CPU
	EndGlobalSection
	GlobalSection(SolutionProperties) = preSolution
		HideSolutionNode = FALSE
	EndGlobalSection
	GlobalSection(ExtensibilityGlobals) = postSolution
		SolutionGuid = {67384D65-7AC9-4FAB-A7DF-175F014967DF}
	EndGlobalSection
EndGlobal
